
Microsoft Visual Studio Solution File, Format Version 12.00
# Visual Studio Version 16
VisualStudioVersion = 16.0.32126.315
MinimumVisualStudioVersion = 10.0.40219.1
Project("{FAE04EC0-301F-11D3-BF4B-00C04F79EFBC}") = "Procena zagadjenja vazduha u saobracaju", "Procena zagadjenja vazduha u saobracaju\Procena zagadjenja vazduha u saobracaju.csproj", "{8AD8BEB3-E55F-4743-B550-F505B5C62500}"
EndProject
Project("{FAE04EC0-301F-11D3-BF4B-00C04F79EFBC}") = "DataLayer", "DataLayer\DataLayer.csproj", "{4DA0639A-9061-4E3C-9C4C-444C2804F88A}"
EndProject
Project("{FAE04EC0-301F-11D3-BF4B-00C04F79EFBC}") = "BusinessLayer", "BusinessLayer\BusinessLayer.csproj", "{99B1D19B-E7B8-4410-AA0D-686A59EC78FD}"
EndProject
Global
	GlobalSection(SolutionConfigurationPlatforms) = preSolution
		Debug|Any CPU = Debug|Any CPU
		Release|Any CPU = Release|Any CPU
	EndGlobalSection
	GlobalSection(ProjectConfigurationPlatforms) = postSolution
		{8AD8BEB3-E55F-4743-B550-F505B5C62500}.Debug|Any CPU.ActiveCfg = Debug|Any CPU
		{8AD8BEB3-E55F-4743-B550-F505B5C62500}.Debug|Any CPU.Build.0 = Debug|Any CPU
		{8AD8BEB3-E55F-4743-B550-F505B5C62500}.Release|Any CPU.ActiveCfg = Release|Any CPU
		{8AD8BEB3-E55F-4743-B550-F505B5C62500}.Release|Any CPU.Build.0 = Release|Any CPU
		{4DA0639A-9061-4E3C-9C4C-444C2804F88A}.Debug|Any CPU.ActiveCfg = Debug|Any CPU
		{4DA0639A-9061-4E3C-9C4C-444C2804F88A}.Debug|Any CPU.Build.0 = Debug|Any CPU
		{4DA0639A-9061-4E3C-9C4C-444C2804F88A}.Release|Any CPU.ActiveCfg = Release|Any CPU
		{4DA0639A-9061-4E3C-9C4C-444C2804F88A}.Release|Any CPU.Build.0 = Release|Any CPU
		{99B1D19B-E7B8-4410-AA0D-686A59EC78FD}.Debug|Any CPU.ActiveCfg = Debug|Any CPU
		{99B1D19B-E7B8-4410-AA0D-686A59EC78FD}.Debug|Any CPU.Build.0 = Debug|Any CPU
		{99B1D19B-E7B8-4410-AA0D-686A59EC78FD}.Release|Any CPU.ActiveCfg = Release|Any CPU
		{99B1D19B-E7B8-4410-AA0D-686A59EC78FD}.Release|Any CPU.Build.0 = Release|Any CPU
	EndGlobalSection
	GlobalSection(SolutionProperties) = preSolution
		HideSolutionNode = FALSE
	EndGlobalSection
	GlobalSection(ExtensibilityGlobals) = postSolution
		SolutionGuid = {3B7135EF-807A-4F13-85CF-5C4A3EDAAED1}
	EndGlobalSection
EndGlobal
